// !$*UTF8*$!
{
	archiveVersion = 1;
	classes = {
	};
	objectVersion = 50;
	objects = {

/* Begin PBXBuildFile section */
		AF17F8F0228013F00051DB1F /* SomeClass.swift in Sources */ = {isa = PBXBuildFile; fileRef = AF17F8EF228013F00051DB1F /* SomeClass.swift */; };
		AF60BA9F22681B4400AE592D /* AppDelegate.swift in Sources */ = {isa = PBXBuildFile; fileRef = AF60BA9E22681B4400AE592D /* AppDelegate.swift */; };
		AF60BAA122681B4400AE592D /* ViewController.swift in Sources */ = {isa = PBXBuildFile; fileRef = AF60BAA022681B4400AE592D /* ViewController.swift */; };
		AF60BAA422681B4400AE592D /* Main.storyboard in Resources */ = {isa = PBXBuildFile; fileRef = AF60BAA222681B4400AE592D /* Main.storyboard */; };
		AF60BAA622681B4600AE592D /* Assets.xcassets in Resources */ = {isa = PBXBuildFile; fileRef = AF60BAA522681B4600AE592D /* Assets.xcassets */; };
		AF60BAA922681B4600AE592D /* LaunchScreen.storyboard in Resources */ = {isa = PBXBuildFile; fileRef = AF60BAA722681B4600AE592D /* LaunchScreen.storyboard */; };
		AF60BAB122681B5B00AE592D /* Solution.swift in Sources */ = {isa = PBXBuildFile; fileRef = AF60BAB022681B5B00AE592D /* Solution.swift */; };
/* End PBXBuildFile section */

/* Begin PBXFileReference section */
		AF17F8EF228013F00051DB1F /* SomeClass.swift */ = {isa = PBXFileReference; lastKnownFileType = sourcecode.swift; path = SomeClass.swift; sourceTree = "<group>"; };
		AF60BA9B22681B4400AE592D /* LeetCodeDemo.app */ = {isa = PBXFileReference; explicitFileType = wrapper.application; includeInIndex = 0; path = LeetCodeDemo.app; sourceTree = BUILT_PRODUCTS_DIR; };
		AF60BA9E22681B4400AE592D /* AppDelegate.swift */ = {isa = PBXFileReference; lastKnownFileType = sourcecode.swift; path = AppDelegate.swift; sourceTree = "<group>"; };
		AF60BAA022681B4400AE592D /* ViewController.swift */ = {isa = PBXFileReference; lastKnownFileType = sourcecode.swift; path = ViewController.swift; sourceTree = "<group>"; };
		AF60BAA322681B4400AE592D /* Base */ = {isa = PBXFileReference; lastKnownFileType = file.storyboard; name = Base; path = Base.lproj/Main.storyboard; sourceTree = "<group>"; };
		AF60BAA522681B4600AE592D /* Assets.xcassets */ = {isa = PBXFileReference; lastKnownFileType = folder.assetcatalog; path = Assets.xcassets; sourceTree = "<group>"; };
		AF60BAA822681B4600AE592D /* Base */ = {isa = PBXFileReference; lastKnownFileType = file.storyboard; name = Base; path = Base.lproj/LaunchScreen.storyboard; sourceTree = "<group>"; };
		AF60BAAA22681B4600AE592D /* Info.plist */ = {isa = PBXFileReference; lastKnownFileType = text.plist.xml; path = Info.plist; sourceTree = "<group>"; };
		AF60BAB022681B5B00AE592D /* Solution.swift */ = {isa = PBXFileReference; lastKnownFileType = sourcecode.swift; path = Solution.swift; sourceTree = "<group>"; };
/* End PBXFileReference section */

/* Begin PBXFrameworksBuildPhase section */
		AF60BA9822681B4400AE592D /* Frameworks */ = {
			isa = PBXFrameworksBuildPhase;
			buildActionMask = 2147483647;
			files = (
			);
			runOnlyForDeploymentPostprocessing = 0;
		};
/* End PBXFrameworksBuildPhase section */

/* Begin PBXGroup section */
		AF60BA9222681B4400AE592D = {
			isa = PBXGroup;
			children = (
				AF60BA9D22681B4400AE592D /* LeetCodeDemo */,
				AF60BA9C22681B4400AE592D /* Products */,
			);
			sourceTree = "<group>";
		};
		AF60BA9C22681B4400AE592D /* Products */ = {
			isa = PBXGroup;
			children = (
				AF60BA9B22681B4400AE592D /* LeetCodeDemo.app */,
			);
			name = Products;
			sourceTree = "<group>";
		};
		AF60BA9D22681B4400AE592D /* LeetCodeDemo */ = {
			isa = PBXGroup;
			children = (
				AF60BA9E22681B4400AE592D /* AppDelegate.swift */,
				AF60BAA022681B4400AE592D /* ViewController.swift */,
				AF60BAB022681B5B00AE592D /* Solution.swift */,
				AF60BAA222681B4400AE592D /* Main.storyboard */,
				AF60BAA522681B4600AE592D /* Assets.xcassets */,
				AF60BAA722681B4600AE592D /* LaunchScreen.storyboard */,
				AF60BAAA22681B4600AE592D /* Info.plist */,
				AF17F8EF228013F00051DB1F /* SomeClass.swift */,
			);
			path = LeetCodeDemo;
			sourceTree = "<group>";
		};
/* End PBXGroup section */

/* Begin PBXNativeTarget section */
		AF60BA9A22681B4400AE592D /* LeetCodeDemo */ = {
			isa = PBXNativeTarget;
			buildConfigurationList = AF60BAAD22681B4600AE592D /* Build configuration list for PBXNativeTarget "LeetCodeDemo" */;
			buildPhases = (
				AF60BA9722681B4400AE592D /* Sources */,
				AF60BA9822681B4400AE592D /* Frameworks */,
				AF60BA9922681B4400AE592D /* Resources */,
			);
			buildRules = (
			);
			dependencies = (
			);
			name = LeetCodeDemo;
			productName = LeetCodeDemo;
			productReference = AF60BA9B22681B4400AE592D /* LeetCodeDemo.app */;
			productType = "com.apple.product-type.application";
		};
/* End PBXNativeTarget section */

/* Begin PBXProject section */
		AF60BA9322681B4400AE592D /* Project object */ = {
			isa = PBXProject;
			attributes = {
				LastSwiftUpdateCheck = 1010;
				LastUpgradeCheck = 1010;
				ORGANIZATIONNAME = YingZi;
				TargetAttributes = {
					AF60BA9A22681B4400AE592D = {
						CreatedOnToolsVersion = 10.1;
					};
				};
			};
			buildConfigurationList = AF60BA9622681B4400AE592D /* Build configuration list for PBXProject "LeetCodeDemo" */;
			compatibilityVersion = "Xcode 9.3";
			developmentRegion = en;
			hasScannedForEncodings = 0;
			knownRegions = (
				en,
				Base,
			);
			mainGroup = AF60BA9222681B4400AE592D;
			productRefGroup = AF60BA9C22681B4400AE592D /* Products */;
			projectDirPath = "";
			projectRoot = "";
			targets = (
				AF60BA9A22681B4400AE592D /* LeetCodeDemo */,
			);
		};
/* End PBXProject section */

/* Begin PBXResourcesBuildPhase section */
		AF60BA9922681B4400AE592D /* Resources */ = {
			isa = PBXResourcesBuildPhase;
			buildActionMask = 2147483647;
			files = (
				AF60BAA922681B4600AE592D /* LaunchScreen.storyboard in Resources */,
				AF60BAA622681B4600AE592D /* Assets.xcassets in Resources */,
				AF60BAA422681B4400AE592D /* Main.storyboard in Resources */,
			);
			runOnlyForDeploymentPostprocessing = 0;
		};
/* End PBXResourcesBuildPhase section */

/* Begin PBXSourcesBuildPhase section */
		AF60BA9722681B4400AE592D /* Sources */ = {
			isa = PBXSourcesBuildPhase;
			buildActionMask = 2147483647;
			files = (
				AF17F8F0228013F00051DB1F /* SomeClass.swift in Sources */,
				AF60BAA122681B4400AE592D /* ViewController.swift in Sources */,
				AF60BA9F22681B4400AE592D /* AppDelegate.swift in Sources */,
				AF60BAB122681B5B00AE592D /* Solution.swift in Sources */,
			);
			runOnlyForDeploymentPostprocessing = 0;
		};
/* End PBXSourcesBuildPhase section */

/* Begin PBXVariantGroup section */
		AF60BAA222681B4400AE592D /* Main.storyboard */ = {
			isa = PBXVariantGroup;
			children = (
				AF60BAA322681B4400AE592D /* Base */,
			);
			name = Main.storyboard;
			sourceTree = "<group>";
		};
		AF60BAA722681B4600AE592D /* LaunchScreen.storyboard */ = {
			isa = PBXVariantGroup;
			children = (
				AF60BAA822681B4600AE592D /* Base */,
			);
			name = LaunchScreen.storyboard;
			sourceTree = "<group>";
		};
/* End PBXVariantGroup section */

/* Begin XCBuildConfiguration section */
		AF60BAAB22681B4600AE592D /* Debug */ = {
			isa = XCBuildConfiguration;
			buildSettings = {
				ALWAYS_SEARCH_USER_PATHS = NO;
				CLANG_ANALYZER_NONNULL = YES;
				CLANG_ANALYZER_NUMBER_OBJECT_CONVERSION = YES_AGGRESSIVE;
				CLANG_CXX_LANGUAGE_STANDARD = "gnu++14";
				CLANG_CXX_LIBRARY = "libc++";
				CLANG_ENABLE_MODULES = YES;
				CLANG_ENABLE_OBJC_ARC = YES;
				CLANG_ENABLE_OBJC_WEAK = YES;
				CLANG_WARN_BLOCK_CAPTURE_AUTORELEASING = YES;
				CLANG_WARN_BOOL_CONVERSION = YES;
				CLANG_WARN_COMMA = YES;
				CLANG_WARN_CONSTANT_CONVERSION = YES;
				CLANG_WARN_DEPRECATED_OBJC_IMPLEMENTATIONS = YES;
				CLANG_WARN_DIRECT_OBJC_ISA_USAGE = YES_ERROR;
				CLANG_WARN_DOCUMENTATION_COMMENTS = YES;
				CLANG_WARN_EMPTY_BODY = YES;
				CLANG_WARN_ENUM_CONVERSION = YES;
				CLANG_WARN_INFINITE_RECURSION = YES;
				CLANG_WARN_INT_CONVERSION = YES;
				CLANG_WARN_NON_LITERAL_NULL_CONVERSION = YES;
				CLANG_WARN_OBJC_IMPLICIT_RETAIN_SELF = YES;
				CLANG_WARN_OBJC_LITERAL_CONVERSION = YES;
				CLANG_WARN_OBJC_ROOT_CLASS = YES_ERROR;
				CLANG_WARN_RANGE_LOOP_ANALYSIS = YES;
				CLANG_WARN_STRICT_PROTOTYPES = YES;
				CLANG_WARN_SUSPICIOUS_MOVE = YES;
				CLANG_WARN_UNGUARDED_AVAILABILITY = YES_AGGRESSIVE;
				CLANG_WARN_UNREACHABLE_CODE = YES;
				CLANG_WARN__DUPLICATE_METHOD_MATCH = YES;
				CODE_SIGN_IDENTITY = "iPhone Developer";
				COPY_PHASE_STRIP = NO;
				DEBUG_INFORMATION_FORMAT = dwarf;
				ENABLE_STRICT_OBJC_MSGSEND = YES;
				ENABLE_TESTABILITY = YES;
				GCC_C_LANGUAGE_STANDARD = gnu11;
				GCC_DYNAMIC_NO_PIC = NO;
				GCC_NO_COMMON_BLOCKS = YES;
				GCC_OPTIMIZATION_LEVEL = 0;
				GCC_PREPROCESSOR_DEFINITIONS = (
					"DEBUG=1",
					"$(inherited)",
				);
				GCC_WARN_64_TO_32_BIT_CONVERSION = YES;
				GCC_WARN_ABOUT_RETURN_TYPE = YES_ERROR;
				GCC_WARN_UNDECLARED_SELECTOR = YES;
				GCC_WARN_UNINITIALIZED_AUTOS = YES_AGGRESSIVE;
				GCC_WARN_UNUSED_FUNCTION = YES;
				GCC_WARN_UNUSED_VARIABLE = YES;
				IPHONEOS_DEPLOYMENT_TARGET = 12.1;
				MTL_ENABLE_DEBUG_INFO = INCLUDE_SOURCE;
				MTL_FAST_MATH = YES;
				ONLY_ACTIVE_ARCH = YES;
				SDKROOT = iphoneos;
				SWIFT_ACTIVE_COMPILATION_CONDITIONS = DEBUG;
				SWIFT_OPTIMIZATION_LEVEL = "-Onone";
			};
			name = Debug;
		};
		AF60BAAC22681B4600AE592D /* Release */ = {
			isa = XCBuildConfiguration;
			buildSettings = {
				ALWAYS_SEARCH_USER_PATHS = NO;
				CLANG_ANALYZER_NONNULL = YES;
				CLANG_ANALYZER_NUMBER_OBJECT_CONVERSION = YES_AGGRESSIVE;
				CLANG_CXX_LANGUAGE_STANDARD = "gnu++14";
				CLANG_CXX_LIBRARY = "libc++";
				CLANG_ENABLE_MODULES = YES;
				CLANG_ENABLE_OBJC_ARC = YES;
				CLANG_ENABLE_OBJC_WEAK = YES;
				CLANG_WARN_BLOCK_CAPTURE_AUTORELEASING = YES;
				CLANG_WARN_BOOL_CONVERSION = YES;
				CLANG_WARN_COMMA = YES;
				CLANG_WARN_CONSTANT_CONVERSION = YES;
				CLANG_WARN_DEPRECATED_OBJC_IMPLEMENTATIONS = YES;
				CLANG_WARN_DIRECT_OBJC_ISA_USAGE = YES_ERROR;
				CLANG_WARN_DOCUMENTATION_COMMENTS = YES;
				CLANG_WARN_EMPTY_BODY = YES;
				CLANG_WARN_ENUM_CONVERSION = YES;
				CLANG_WARN_INFINITE_RECURSION = YES;
				CLANG_WARN_INT_CONVERSION = YES;
				CLANG_WARN_NON_LITERAL_NULL_CONVERSION = YES;
				CLANG_WARN_OBJC_IMPLICIT_RETAIN_SELF = YES;
				CLANG_WARN_OBJC_LITERAL_CONVERSION = YES;
				CLANG_WARN_OBJC_ROOT_CLASS = YES_ERROR;
				CLANG_WARN_RANGE_LOOP_ANALYSIS = YES;
				CLANG_WARN_STRICT_PROTOTYPES = YES;
				CLANG_WARN_SUSPICIOUS_MOVE = YES;
				CLANG_WARN_UNGUARDED_AVAILABILITY = YES_AGGRESSIVE;
				CLANG_WARN_UNREACHABLE_CODE = YES;
				CLANG_WARN__DUPLICATE_METHOD_MATCH = YES;
				CODE_SIGN_IDENTITY = "iPhone Developer";
				COPY_PHASE_STRIP = NO;
				DEBUG_INFORMATION_FORMAT = "dwarf-with-dsym";
				ENABLE_NS_ASSERTIONS = NO;
				ENABLE_STRICT_OBJC_MSGSEND = YES;
				GCC_C_LANGUAGE_STANDARD = gnu11;
				GCC_NO_COMMON_BLOCKS = YES;
				GCC_WARN_64_TO_32_BIT_CONVERSION = YES;
				GCC_WARN_ABOUT_RETURN_TYPE = YES_ERROR;
				GCC_WARN_UNDECLARED_SELECTOR = YES;
				GCC_WARN_UNINITIALIZED_AUTOS = YES_AGGRESSIVE;
				GCC_WARN_UNUSED_FUNCTION = YES;
				GCC_WARN_UNUSED_VARIABLE = YES;
				IPHONEOS_DEPLOYMENT_TARGET = 12.1;
				MTL_ENABLE_DEBUG_INFO = NO;
				MTL_FAST_MATH = YES;
				SDKROOT = iphoneos;
				SWIFT_COMPILATION_MODE = wholemodule;
				SWIFT_OPTIMIZATION_LEVEL = "-O";
				VALIDATE_PRODUCT = YES;
			};
			name = Release;
		};
		AF60BAAE22681B4600AE592D /* Debug */ = {
			isa = XCBuildConfiguration;
			buildSettings = {
				ASSETCATALOG_COMPILER_APPICON_NAME = AppIcon;
				CODE_SIGN_STYLE = Automatic;
				DEVELOPMENT_TEAM = LQQGDZBGK3;
				INFOPLIST_FILE = LeetCodeDemo/Info.plist;
				LD_RUNPATH_SEARCH_PATHS = (
					"$(inherited)",
					"@executable_path/Frameworks",
				);
				PRODUCT_BUNDLE_IDENTIFIER = yingzi.MirageActor.LeetCodeDemo;
				PRODUCT_NAME = "$(TARGET_NAME)";
				SWIFT_VERSION = 4.2;
				TARGETED_DEVICE_FAMILY = "1,2";
			};
			name = Debug;
		};
		AF60BAAF22681B4600AE592D /* Release */ = {
			isa = XCBuildConfiguration;
			buildSettings = {
				ASSETCATALOG_COMPILER_APPICON_NAME = AppIcon;
				CODE_SIGN_STYLE = Automatic;
				DEVELOPMENT_TEAM = LQQGDZBGK3;
				INFOPLIST_FILE = LeetCodeDemo/Info.plist;
				LD_RUNPATH_SEARCH_PATHS = (
					"$(inherited)",
					"@executable_path/Frameworks",
				);
				PRODUCT_BUNDLE_IDENTIFIER = yingzi.MirageActor.LeetCodeDemo;
				PRODUCT_NAME = "$(TARGET_NAME)";
				SWIFT_VERSION = 4.2;
				TARGETED_DEVICE_FAMILY = "1,2";
			};
			name = Release;
		};
/* End XCBuildConfiguration section */

/* Begin XCConfigurationList section */
		AF60BA9622681B4400AE592D /* Build configuration list for PBXProject "LeetCodeDemo" */ = {
			isa = XCConfigurationList;
			buildConfigurations = (
				AF60BAAB22681B4600AE592D /* Debug */,
				AF60BAAC22681B4600AE592D /* Release */,
			);
			defaultConfigurationIsVisible = 0;
			defaultConfigurationName = Release;
		};
		AF60BAAD22681B4600AE592D /* Build configuration list for PBXNativeTarget "LeetCodeDemo" */ = {
			isa = XCConfigurationList;
			buildConfigurations = (
				AF60BAAE22681B4600AE592D /* Debug */,
				AF60BAAF22681B4600AE592D /* Release */,
			);
			defaultConfigurationIsVisible = 0;
			defaultConfigurationName = Release;
		};
/* End XCConfigurationList section */
	};
	rootObject = AF60BA9322681B4400AE592D /* Project object */;
}
